
Microsoft Visual Studio Solution File, Format Version 12.00
# Visual Studio Version 17
VisualStudioVersion = 17.0.32126.317
MinimumVisualStudioVersion = 10.0.40219.1
Project("{FAE04EC0-301F-11D3-BF4B-00C04F79EFBC}") = "BehavioralDesignPatterns", "BehavioralDesignPatterns.csproj", "{71CA73FB-40EF-450C-A017-04F364DF7229}"
EndProject
Global
	GlobalSection(SolutionConfigurationPlatforms) = preSolution
		Debug|Any CPU = Debug|Any CPU
		Release|Any CPU = Release|Any CPU
	EndGlobalSection
	GlobalSection(ProjectConfigurationPlatforms) = postSolution
		{71CA73FB-40EF-450C-A017-04F364DF7229}.Debug|Any CPU.ActiveCfg = Debug|Any CPU
		{71CA73FB-40EF-450C-A017-04F364DF7229}.Debug|Any CPU.Build.0 = Debug|Any CPU
		{71CA73FB-40EF-450C-A017-04F364DF7229}.Release|Any CPU.ActiveCfg = Release|Any CPU
		{71CA73FB-40EF-450C-A017-04F364DF7229}.Release|Any CPU.Build.0 = Release|Any CPU
	EndGlobalSection
	GlobalSection(SolutionProperties) = preSolution
		HideSolutionNode = FALSE
	EndGlobalSection
	GlobalSection(ExtensibilityGlobals) = postSolution
		SolutionGuid = {91D50E9A-BF2A-4ABB-8E11-498D1149A920}
	EndGlobalSection
EndGlobal
