
Microsoft Visual Studio Solution File, Format Version 12.00
# Visual Studio Version 17
VisualStudioVersion = 17.0.32126.317
MinimumVisualStudioVersion = 10.0.40219.1
Project("{FAE04EC0-301F-11D3-BF4B-00C04F79EFBC}") = "StructuralDesignPatterns", "StructuralDesignPatterns.csproj", "{04E35D61-AA4D-45EE-B62E-F394C3929115}"
EndProject
Global
	GlobalSection(SolutionConfigurationPlatforms) = preSolution
		Debug|Any CPU = Debug|Any CPU
		Release|Any CPU = Release|Any CPU
	EndGlobalSection
	GlobalSection(ProjectConfigurationPlatforms) = postSolution
		{04E35D61-AA4D-45EE-B62E-F394C3929115}.Debug|Any CPU.ActiveCfg = Debug|Any CPU
		{04E35D61-AA4D-45EE-B62E-F394C3929115}.Debug|Any CPU.Build.0 = Debug|Any CPU
		{04E35D61-AA4D-45EE-B62E-F394C3929115}.Release|Any CPU.ActiveCfg = Release|Any CPU
		{04E35D61-AA4D-45EE-B62E-F394C3929115}.Release|Any CPU.Build.0 = Release|Any CPU
	EndGlobalSection
	GlobalSection(SolutionProperties) = preSolution
		HideSolutionNode = FALSE
	EndGlobalSection
	GlobalSection(ExtensibilityGlobals) = postSolution
		SolutionGuid = {5657E699-2612-4232-9437-47AE6C545FE8}
	EndGlobalSection
EndGlobal
